
Microsoft Visual Studio Solution File, Format Version 12.00
# Visual Studio Version 17
VisualStudioVersion = 17.5.33424.131
MinimumVisualStudioVersion = 10.0.40219.1
Project("{9A19103F-16F7-4668-BE54-9A1E7A4F7556}") = "ModuloContabilidadApi", "ModuloContabilidadApi\ModuloContabilidadApi.csproj", "{AEB60841-A49C-481A-A9DE-04EB388B5518}"
EndProject
Project("{9A19103F-16F7-4668-BE54-9A1E7A4F7556}") = "Modelos", "Modelos\Modelos.csproj", "{4DA9BCCD-3411-460D-A393-D736C08836BD}"
EndProject
Project("{9A19103F-16F7-4668-BE54-9A1E7A4F7556}") = "BlazorFrontend", "BlazorFrontend\BlazorFrontend.csproj", "{57FE6160-3765-4F08-BAA4-943662137BD9}"
EndProject
Project("{9A19103F-16F7-4668-BE54-9A1E7A4F7556}") = "Services", "Services\Services.csproj", "{C586EA53-3CA7-4EC9-AC8A-A327B8B35E2F}"
EndProject
Project("{9A19103F-16F7-4668-BE54-9A1E7A4F7556}") = "MonedaComprobanteApi", "MonedaComprobanteApi\MonedaComprobanteApi.csproj", "{7362E99C-2D04-4ACD-9AF2-0459B8DEC0E0}"
EndProject
Project("{9A19103F-16F7-4668-BE54-9A1E7A4F7556}") = "ArticuloCategoriaApi", "ArticuloCategoriaApi\ArticuloCategoriaApi.csproj", "{C9B3C640-DA34-49A6-98C5-C119550C8A35}"
EndProject
Project("{F14B399A-7131-4C87-9E4B-1186C45EF12D}") = "Report Project1", "Report Project1\Report Project1.rptproj", "{71379550-8BC9-4A24-AAD2-D3681E5E6C9E}"
EndProject
Project("{FAE04EC0-301F-11D3-BF4B-00C04F79EFBC}") = "ReportApi", "ReportApi\ReportApi.csproj", "{74BA177C-CC4B-4D12-ABE8-7ED07EE365CB}"
EndProject
Global
	GlobalSection(SolutionConfigurationPlatforms) = preSolution
		Debug|Any CPU = Debug|Any CPU
		DebugLocal|Any CPU = DebugLocal|Any CPU
		Release|Any CPU = Release|Any CPU
	EndGlobalSection
	GlobalSection(ProjectConfigurationPlatforms) = postSolution
		{AEB60841-A49C-481A-A9DE-04EB388B5518}.Debug|Any CPU.ActiveCfg = Debug|Any CPU
		{AEB60841-A49C-481A-A9DE-04EB388B5518}.Debug|Any CPU.Build.0 = Debug|Any CPU
		{AEB60841-A49C-481A-A9DE-04EB388B5518}.DebugLocal|Any CPU.ActiveCfg = Debug|Any CPU
		{AEB60841-A49C-481A-A9DE-04EB388B5518}.DebugLocal|Any CPU.Build.0 = Debug|Any CPU
		{AEB60841-A49C-481A-A9DE-04EB388B5518}.Release|Any CPU.ActiveCfg = Release|Any CPU
		{AEB60841-A49C-481A-A9DE-04EB388B5518}.Release|Any CPU.Build.0 = Release|Any CPU
		{4DA9BCCD-3411-460D-A393-D736C08836BD}.Debug|Any CPU.ActiveCfg = Debug|Any CPU
		{4DA9BCCD-3411-460D-A393-D736C08836BD}.Debug|Any CPU.Build.0 = Debug|Any CPU
		{4DA9BCCD-3411-460D-A393-D736C08836BD}.DebugLocal|Any CPU.ActiveCfg = Debug|Any CPU
		{4DA9BCCD-3411-460D-A393-D736C08836BD}.DebugLocal|Any CPU.Build.0 = Debug|Any CPU
		{4DA9BCCD-3411-460D-A393-D736C08836BD}.Release|Any CPU.ActiveCfg = Release|Any CPU
		{4DA9BCCD-3411-460D-A393-D736C08836BD}.Release|Any CPU.Build.0 = Release|Any CPU
		{57FE6160-3765-4F08-BAA4-943662137BD9}.Debug|Any CPU.ActiveCfg = Debug|Any CPU
		{57FE6160-3765-4F08-BAA4-943662137BD9}.Debug|Any CPU.Build.0 = Debug|Any CPU
		{57FE6160-3765-4F08-BAA4-943662137BD9}.DebugLocal|Any CPU.ActiveCfg = Debug|Any CPU
		{57FE6160-3765-4F08-BAA4-943662137BD9}.DebugLocal|Any CPU.Build.0 = Debug|Any CPU
		{57FE6160-3765-4F08-BAA4-943662137BD9}.Release|Any CPU.ActiveCfg = Release|Any CPU
		{57FE6160-3765-4F08-BAA4-943662137BD9}.Release|Any CPU.Build.0 = Release|Any CPU
		{C586EA53-3CA7-4EC9-AC8A-A327B8B35E2F}.Debug|Any CPU.ActiveCfg = Debug|Any CPU
		{C586EA53-3CA7-4EC9-AC8A-A327B8B35E2F}.Debug|Any CPU.Build.0 = Debug|Any CPU
		{C586EA53-3CA7-4EC9-AC8A-A327B8B35E2F}.DebugLocal|Any CPU.ActiveCfg = Debug|Any CPU
		{C586EA53-3CA7-4EC9-AC8A-A327B8B35E2F}.DebugLocal|Any CPU.Build.0 = Debug|Any CPU
		{C586EA53-3CA7-4EC9-AC8A-A327B8B35E2F}.Release|Any CPU.ActiveCfg = Release|Any CPU
		{C586EA53-3CA7-4EC9-AC8A-A327B8B35E2F}.Release|Any CPU.Build.0 = Release|Any CPU
		{7362E99C-2D04-4ACD-9AF2-0459B8DEC0E0}.Debug|Any CPU.ActiveCfg = Debug|Any CPU
		{7362E99C-2D04-4ACD-9AF2-0459B8DEC0E0}.Debug|Any CPU.Build.0 = Debug|Any CPU
		{7362E99C-2D04-4ACD-9AF2-0459B8DEC0E0}.DebugLocal|Any CPU.ActiveCfg = Debug|Any CPU
		{7362E99C-2D04-4ACD-9AF2-0459B8DEC0E0}.DebugLocal|Any CPU.Build.0 = Debug|Any CPU
		{7362E99C-2D04-4ACD-9AF2-0459B8DEC0E0}.Release|Any CPU.ActiveCfg = Release|Any CPU
		{7362E99C-2D04-4ACD-9AF2-0459B8DEC0E0}.Release|Any CPU.Build.0 = Release|Any CPU
		{C9B3C640-DA34-49A6-98C5-C119550C8A35}.Debug|Any CPU.ActiveCfg = Debug|Any CPU
		{C9B3C640-DA34-49A6-98C5-C119550C8A35}.Debug|Any CPU.Build.0 = Debug|Any CPU
		{C9B3C640-DA34-49A6-98C5-C119550C8A35}.DebugLocal|Any CPU.ActiveCfg = Debug|Any CPU
		{C9B3C640-DA34-49A6-98C5-C119550C8A35}.DebugLocal|Any CPU.Build.0 = Debug|Any CPU
		{C9B3C640-DA34-49A6-98C5-C119550C8A35}.Release|Any CPU.ActiveCfg = Release|Any CPU
		{C9B3C640-DA34-49A6-98C5-C119550C8A35}.Release|Any CPU.Build.0 = Release|Any CPU
		{71379550-8BC9-4A24-AAD2-D3681E5E6C9E}.Debug|Any CPU.ActiveCfg = Debug
		{71379550-8BC9-4A24-AAD2-D3681E5E6C9E}.Debug|Any CPU.Build.0 = Debug
		{71379550-8BC9-4A24-AAD2-D3681E5E6C9E}.Debug|Any CPU.Deploy.0 = Debug
		{71379550-8BC9-4A24-AAD2-D3681E5E6C9E}.DebugLocal|Any CPU.ActiveCfg = DebugLocal
		{71379550-8BC9-4A24-AAD2-D3681E5E6C9E}.DebugLocal|Any CPU.Build.0 = DebugLocal
		{71379550-8BC9-4A24-AAD2-D3681E5E6C9E}.Release|Any CPU.ActiveCfg = Release
		{71379550-8BC9-4A24-AAD2-D3681E5E6C9E}.Release|Any CPU.Build.0 = Release
		{71379550-8BC9-4A24-AAD2-D3681E5E6C9E}.Release|Any CPU.Deploy.0 = Release
		{74BA177C-CC4B-4D12-ABE8-7ED07EE365CB}.Debug|Any CPU.ActiveCfg = Debug|Any CPU
		{74BA177C-CC4B-4D12-ABE8-7ED07EE365CB}.Debug|Any CPU.Build.0 = Debug|Any CPU
		{74BA177C-CC4B-4D12-ABE8-7ED07EE365CB}.DebugLocal|Any CPU.ActiveCfg = Debug|Any CPU
		{74BA177C-CC4B-4D12-ABE8-7ED07EE365CB}.DebugLocal|Any CPU.Build.0 = Debug|Any CPU
		{74BA177C-CC4B-4D12-ABE8-7ED07EE365CB}.Release|Any CPU.ActiveCfg = Release|Any CPU
		{74BA177C-CC4B-4D12-ABE8-7ED07EE365CB}.Release|Any CPU.Build.0 = Release|Any CPU
	EndGlobalSection
	GlobalSection(SolutionProperties) = preSolution
		HideSolutionNode = FALSE
	EndGlobalSection
	GlobalSection(ExtensibilityGlobals) = postSolution
		SolutionGuid = {3B56CC06-4481-4225-BDAE-8C24A722FA88}
	EndGlobalSection
EndGlobal
