
Microsoft Visual Studio Solution File, Format Version 12.00
Project("{FAE04EC0-301F-11D3-BF4B-00C04F79EFBC}") = "ModuloContabilidadApi", "ModuloContabilidadApi\ModuloContabilidadApi.csproj", "{AEB60841-A49C-481A-A9DE-04EB388B5518}"
EndProject
Global
	GlobalSection(SolutionConfigurationPlatforms) = preSolution
		Debug|Any CPU = Debug|Any CPU
		Release|Any CPU = Release|Any CPU
	EndGlobalSection
	GlobalSection(ProjectConfigurationPlatforms) = postSolution
		{AEB60841-A49C-481A-A9DE-04EB388B5518}.Debug|Any CPU.ActiveCfg = Debug|Any CPU
		{AEB60841-A49C-481A-A9DE-04EB388B5518}.Debug|Any CPU.Build.0 = Debug|Any CPU
		{AEB60841-A49C-481A-A9DE-04EB388B5518}.Release|Any CPU.ActiveCfg = Release|Any CPU
		{AEB60841-A49C-481A-A9DE-04EB388B5518}.Release|Any CPU.Build.0 = Release|Any CPU
	EndGlobalSection
EndGlobal
